
Microsoft Visual Studio Solution File, Format Version 12.00
# Visual Studio Version 17
VisualStudioVersion = 17.10.35013.160
MinimumVisualStudioVersion = 10.0.40219.1
Project("{FAE04EC0-301F-11D3-BF4B-00C04F79EFBC}") = "EManage", "WebAppAsp\EManage.csproj", "{BA591ACF-E456-44CC-871A-4A2CF2AA458D}"
EndProject
Global
	GlobalSection(SolutionConfigurationPlatforms) = preSolution
		Debug|Any CPU = Debug|Any CPU
		Release|Any CPU = Release|Any CPU
	EndGlobalSection
	GlobalSection(ProjectConfigurationPlatforms) = postSolution
		{BA591ACF-E456-44CC-871A-4A2CF2AA458D}.Debug|Any CPU.ActiveCfg = Debug|Any CPU
		{BA591ACF-E456-44CC-871A-4A2CF2AA458D}.Debug|Any CPU.Build.0 = Debug|Any CPU
		{BA591ACF-E456-44CC-871A-4A2CF2AA458D}.Release|Any CPU.ActiveCfg = Release|Any CPU
		{BA591ACF-E456-44CC-871A-4A2CF2AA458D}.Release|Any CPU.Build.0 = Release|Any CPU
	EndGlobalSection
	GlobalSection(SolutionProperties) = preSolution
		HideSolutionNode = FALSE
	EndGlobalSection
	GlobalSection(ExtensibilityGlobals) = postSolution
		SolutionGuid = {3563EDA8-5FE0-4772-B9C2-B8BCEA336609}
	EndGlobalSection
EndGlobal
